
Microsoft Visual Studio Solution File, Format Version 12.00
# Visual Studio Version 17
VisualStudioVersion = 17.4.33205.214
MinimumVisualStudioVersion = 10.0.40219.1
Project("{FAE04EC0-301F-11D3-BF4B-00C04F79EFBC}") = "WebApplication1", "WebApplication1.csproj", "{839CA71F-6F13-4F6A-A48C-4CE0928E6FE3}"
EndProject
Global
	GlobalSection(SolutionConfigurationPlatforms) = preSolution
		Debug|Any CPU = Debug|Any CPU
		Release|Any CPU = Release|Any CPU
	EndGlobalSection
	GlobalSection(ProjectConfigurationPlatforms) = postSolution
		{839CA71F-6F13-4F6A-A48C-4CE0928E6FE3}.Debug|Any CPU.ActiveCfg = Debug|Any CPU
		{839CA71F-6F13-4F6A-A48C-4CE0928E6FE3}.Debug|Any CPU.Build.0 = Debug|Any CPU
		{839CA71F-6F13-4F6A-A48C-4CE0928E6FE3}.Release|Any CPU.ActiveCfg = Release|Any CPU
		{839CA71F-6F13-4F6A-A48C-4CE0928E6FE3}.Release|Any CPU.Build.0 = Release|Any CPU
	EndGlobalSection
	GlobalSection(SolutionProperties) = preSolution
		HideSolutionNode = FALSE
	EndGlobalSection
	GlobalSection(ExtensibilityGlobals) = postSolution
		SolutionGuid = {957AA302-AA38-43AB-8F93-FA5745D0214E}
	EndGlobalSection
EndGlobal
